# THIS IS AN AUTOGENERATED FILE. DO NOT EDIT THIS FILE DIRECTLY.
# yarn lockfile v1


vue-select@^3.11.2:
  version "3.11.2"
  resolved "https://registry.yarnpkg.com/vue-select/-/vue-select-3.11.2.tgz#3ef93e3f2707e133c2df0b2920a05eea78764d18"
  integrity sha512-pIOcY8ajWNSwg8Ns4eHVr5ZWwqKCSZeQRymTnlUI8i+3QiQXF6JIM4lylK6mVfbccs4S6vOyxB7zmJBpp7tDUg==
